
Microsoft Visual Studio Solution File, Format Version 12.00
# Visual Studio 2012
Project("{FAE04EC0-301F-11D3-BF4B-00C04F79EFBC}") = "ConsoleApplication1", "ConsoleApplication1\ConsoleApplication1.csproj", "{9DFC3066-31E8-4483-A3EA-421E68B5CD14}"
EndProject
Project("{FAE04EC0-301F-11D3-BF4B-00C04F79EFBC}") = "Tests", "Tests\Tests.csproj", "{6B5373CC-D356-472C-9823-D2D40067B865}"
EndProject
Project("{2150E333-8FDC-42A3-9474-1A3956D46DE8}") = ".nuget", ".nuget", "{1D573519-B946-46BC-8855-0DD61BC32348}"
	ProjectSection(SolutionItems) = preProject
		.nuget\packages.config = .nuget\packages.config
	EndProjectSection
EndProject
Global
	GlobalSection(SolutionConfigurationPlatforms) = preSolution
		Debug|Any CPU = Debug|Any CPU
		Debug|Mixed Platforms = Debug|Mixed Platforms
		Debug|x86 = Debug|x86
		Release|Any CPU = Release|Any CPU
		Release|Mixed Platforms = Release|Mixed Platforms
		Release|x86 = Release|x86
	EndGlobalSection
	GlobalSection(ProjectConfigurationPlatforms) = postSolution
		{9DFC3066-31E8-4483-A3EA-421E68B5CD14}.Debug|Any CPU.ActiveCfg = Debug|x86
		{9DFC3066-31E8-4483-A3EA-421E68B5CD14}.Debug|Mixed Platforms.ActiveCfg = Debug|x86
		{9DFC3066-31E8-4483-A3EA-421E68B5CD14}.Debug|Mixed Platforms.Build.0 = Debug|x86
		{9DFC3066-31E8-4483-A3EA-421E68B5CD14}.Debug|x86.ActiveCfg = Debug|x86
		{9DFC3066-31E8-4483-A3EA-421E68B5CD14}.Debug|x86.Build.0 = Debug|x86
		{9DFC3066-31E8-4483-A3EA-421E68B5CD14}.Release|Any CPU.ActiveCfg = Release|x86
		{9DFC3066-31E8-4483-A3EA-421E68B5CD14}.Release|Mixed Platforms.ActiveCfg = Release|x86
		{9DFC3066-31E8-4483-A3EA-421E68B5CD14}.Release|Mixed Platforms.Build.0 = Release|x86
		{9DFC3066-31E8-4483-A3EA-421E68B5CD14}.Release|x86.ActiveCfg = Release|x86
		{9DFC3066-31E8-4483-A3EA-421E68B5CD14}.Release|x86.Build.0 = Release|x86
		{6B5373CC-D356-472C-9823-D2D40067B865}.Debug|Any CPU.ActiveCfg = Debug|Any CPU
		{6B5373CC-D356-472C-9823-D2D40067B865}.Debug|Any CPU.Build.0 = Debug|Any CPU
		{6B5373CC-D356-472C-9823-D2D40067B865}.Debug|Mixed Platforms.ActiveCfg = Debug|Any CPU
		{6B5373CC-D356-472C-9823-D2D40067B865}.Debug|Mixed Platforms.Build.0 = Debug|Any CPU
		{6B5373CC-D356-472C-9823-D2D40067B865}.Debug|x86.ActiveCfg = Debug|Any CPU
		{6B5373CC-D356-472C-9823-D2D40067B865}.Release|Any CPU.ActiveCfg = Release|Any CPU
		{6B5373CC-D356-472C-9823-D2D40067B865}.Release|Any CPU.Build.0 = Release|Any CPU
		{6B5373CC-D356-472C-9823-D2D40067B865}.Release|Mixed Platforms.ActiveCfg = Release|Any CPU
		{6B5373CC-D356-472C-9823-D2D40067B865}.Release|Mixed Platforms.Build.0 = Release|Any CPU
		{6B5373CC-D356-472C-9823-D2D40067B865}.Release|x86.ActiveCfg = Release|Any CPU
	EndGlobalSection
	GlobalSection(SolutionProperties) = preSolution
		HideSolutionNode = FALSE
	EndGlobalSection
EndGlobal
